
Microsoft Visual Studio Solution File, Format Version 12.00
# Visual Studio Version 17
VisualStudioVersion = 17.11.35219.272
MinimumVisualStudioVersion = 10.0.40219.1
Project("{2150E333-8FDC-42A3-9474-1A3956D46DE8}") = "src", "src", "{8F0EF472-5EB9-49D9-B637-5031F380DB64}"
EndProject
Project("{2150E333-8FDC-42A3-9474-1A3956D46DE8}") = "Services", "Services", "{3F21CF84-4536-42A2-B6BB-E054F862E6E4}"
EndProject
Project("{2150E333-8FDC-42A3-9474-1A3956D46DE8}") = "Catalog", "Catalog", "{D6DFB340-0917-4F0B-B31B-8432D66DF7DA}"
EndProject
Project("{FAE04EC0-301F-11D3-BF4B-00C04F79EFBC}") = "Catalog.API", "src\Services\Catalog\Catalog.API\Catalog.API.csproj", "{728BEA31-C553-4FD4-B90D-F2B9544EACCC}"
EndProject
Global
	GlobalSection(SolutionConfigurationPlatforms) = preSolution
		Debug|Any CPU = Debug|Any CPU
		Release|Any CPU = Release|Any CPU
	EndGlobalSection
	GlobalSection(ProjectConfigurationPlatforms) = postSolution
		{728BEA31-C553-4FD4-B90D-F2B9544EACCC}.Debug|Any CPU.ActiveCfg = Debug|Any CPU
		{728BEA31-C553-4FD4-B90D-F2B9544EACCC}.Debug|Any CPU.Build.0 = Debug|Any CPU
		{728BEA31-C553-4FD4-B90D-F2B9544EACCC}.Release|Any CPU.ActiveCfg = Release|Any CPU
		{728BEA31-C553-4FD4-B90D-F2B9544EACCC}.Release|Any CPU.Build.0 = Release|Any CPU
	EndGlobalSection
	GlobalSection(SolutionProperties) = preSolution
		HideSolutionNode = FALSE
	EndGlobalSection
	GlobalSection(NestedProjects) = preSolution
		{3F21CF84-4536-42A2-B6BB-E054F862E6E4} = {8F0EF472-5EB9-49D9-B637-5031F380DB64}
		{D6DFB340-0917-4F0B-B31B-8432D66DF7DA} = {3F21CF84-4536-42A2-B6BB-E054F862E6E4}
		{728BEA31-C553-4FD4-B90D-F2B9544EACCC} = {D6DFB340-0917-4F0B-B31B-8432D66DF7DA}
	EndGlobalSection
EndGlobal
